
Microsoft Visual Studio Solution File, Format Version 12.00
# Visual Studio Version 16
VisualStudioVersion = 16.0.32228.343
MinimumVisualStudioVersion = 10.0.40219.1
Project("{888888A0-9F3D-457C-B088-3A5042F75D52}") = "Cadastro_de_Clientes_e_Fornecedores", "Cadastro_de_Clientes_e_Fornecedores\Cadastro_de_Clientes_e_Fornecedores.pyproj", "{2B8482A0-87AC-4A98-8EEF-CBE98513FE20}"
EndProject
Global
	GlobalSection(SolutionConfigurationPlatforms) = preSolution
		Debug|Any CPU = Debug|Any CPU
		Release|Any CPU = Release|Any CPU
	EndGlobalSection
	GlobalSection(ProjectConfigurationPlatforms) = postSolution
		{2B8482A0-87AC-4A98-8EEF-CBE98513FE20}.Debug|Any CPU.ActiveCfg = Debug|Any CPU
		{2B8482A0-87AC-4A98-8EEF-CBE98513FE20}.Release|Any CPU.ActiveCfg = Release|Any CPU
	EndGlobalSection
	GlobalSection(SolutionProperties) = preSolution
		HideSolutionNode = FALSE
	EndGlobalSection
	GlobalSection(ExtensibilityGlobals) = postSolution
		SolutionGuid = {45365E68-186D-4FB6-99DC-7EA84476BFD6}
	EndGlobalSection
EndGlobal
